{
  "name": "qroz",
  "version": "0.12.0-beta.1",
  "lockfileVersion": 3,
  "requires": true,
  "packages": {
    "": {
      "name": "qroz",
      "version": "0.12.0-beta.1",
      "workspaces": [
        "packages/*",
        "examples/*"
      ],
      "engines": {
        "node": ">=22"
      }
    },
    "examples/hello-world": {
      "name": "@qroz/example-hello-world",
      "version": "0.8.0",
      "dependencies": {
        "@qroz/core": "file:../../packages/core",
        "@qroz/auth": "file:../../packages/auth",
        "@qroz/workflows": "file:../../packages/workflows",
        "@qroz/workflows-aws": "file:../../packages/workflows-aws",
        "@qroz/workflows-cloudflare": "file:../../packages/workflows-cloudflare",
        "@qroz/testing": "file:../../packages/testing",
        "@qroz/runtime-cloudflare": "file:../../packages/runtime-cloudflare",
        "@qroz/runtime-aws": "file:../../packages/runtime-aws",
        "@qroz/storage": "file:../../packages/storage",
        "@qroz/storage-memory": "file:../../packages/storage-memory",
        "@qroz/storage-r2": "file:../../packages/storage-r2",
        "@qroz/storage-s3": "file:../../packages/storage-s3",
        "@qroz/queue": "file:../../packages/queue",
        "@qroz/queue-memory": "file:../../packages/queue-memory",
        "@qroz/queue-cloudflare": "file:../../packages/queue-cloudflare",
        "@qroz/queue-sqs": "file:../../packages/queue-sqs",
        "@qroz/jobs": "file:../../packages/jobs",
        "@qroz/jobs-memory": "file:../../packages/jobs-memory",
        "@qroz/jobs-cloudflare": "file:../../packages/jobs-cloudflare",
        "@qroz/jobs-aws-sqs": "file:../../packages/jobs-aws-sqs",
        "@qroz/idempotency": "file:../../packages/idempotency",
        "@qroz/idempotency-memory": "file:../../packages/idempotency-memory",
        "@qroz/idempotency-cloudflare-do": "file:../../packages/idempotency-cloudflare-do",
        "@qroz/idempotency-dynamodb": "file:../../packages/idempotency-dynamodb",
        "@qroz/deployment": "file:../../packages/deployment",
        "@qroz/deployment-aws": "file:../../packages/deployment-aws",
        "@qroz/deployment-cloudflare": "file:../../packages/deployment-cloudflare"
      }
    },
    "packages/auth": {
      "name": "@qroz/auth",
      "version": "0.12.0-beta.1",
      "dependencies": {
        "@qroz/core": "^0.12.0-beta.1"
      },
      "engines": {
        "node": ">=22"
      }
    },
    "node_modules/@qroz/auth": {
      "resolved": "packages/auth",
      "link": true
    },
    "packages/cli": {
      "name": "@qroz/cli",
      "version": "0.12.0-beta.1",
      "dependencies": {
        "@qroz/core": "^0.12.0-beta.1",
        "@qroz/deployment": "^0.12.0-beta.1",
        "@qroz/runtime-web": "^0.12.0-beta.1",
        "@qroz/telemetry": "^0.12.0-beta.1"
      },
      "bin": {
        "qroz": "bin/qroz.mjs"
      },
      "engines": {
        "node": ">=22"
      }
    },
    "node_modules/@qroz/cli": {
      "resolved": "packages/cli",
      "link": true
    },
    "packages/core": {
      "name": "@qroz/core",
      "version": "0.12.0-beta.1",
      "engines": {
        "node": ">=22"
      }
    },
    "node_modules/@qroz/core": {
      "resolved": "packages/core",
      "link": true
    },
    "packages/create-qroz": {
      "name": "create-qroz",
      "version": "0.12.0-beta.1",
      "bin": {
        "create-qroz": "bin/create-qroz.mjs"
      },
      "engines": {
        "node": ">=22"
      }
    },
    "node_modules/create-qroz": {
      "resolved": "packages/create-qroz",
      "link": true
    },
    "packages/database": {
      "name": "@qroz/database",
      "version": "0.12.0-beta.1",
      "dependencies": {
        "@qroz/core": "^0.12.0-beta.1"
      },
      "engines": {
        "node": ">=22"
      }
    },
    "node_modules/@qroz/database": {
      "resolved": "packages/database",
      "link": true
    },
    "packages/deployment": {
      "name": "@qroz/deployment",
      "version": "0.12.0-beta.1",
      "dependencies": {
        "@qroz/core": "^0.12.0-beta.1"
      },
      "engines": {
        "node": ">=22"
      }
    },
    "node_modules/@qroz/deployment": {
      "resolved": "packages/deployment",
      "link": true
    },
    "packages/deployment-aws": {
      "name": "@qroz/deployment-aws",
      "version": "0.12.0-beta.1",
      "dependencies": {
        "@qroz/deployment": "^0.12.0-beta.1"
      },
      "engines": {
        "node": ">=22"
      }
    },
    "node_modules/@qroz/deployment-aws": {
      "resolved": "packages/deployment-aws",
      "link": true
    },
    "packages/deployment-cloudflare": {
      "name": "@qroz/deployment-cloudflare",
      "version": "0.12.0-beta.1",
      "dependencies": {
        "@qroz/deployment": "^0.12.0-beta.1"
      },
      "engines": {
        "node": ">=22"
      }
    },
    "node_modules/@qroz/deployment-cloudflare": {
      "resolved": "packages/deployment-cloudflare",
      "link": true
    },
    "packages/idempotency": {
      "name": "@qroz/idempotency",
      "version": "0.12.0-beta.1",
      "dependencies": {
        "@qroz/core": "^0.12.0-beta.1"
      },
      "engines": {
        "node": ">=22"
      }
    },
    "node_modules/@qroz/idempotency": {
      "resolved": "packages/idempotency",
      "link": true
    },
    "packages/idempotency-cloudflare-do": {
      "name": "@qroz/idempotency-cloudflare-do",
      "version": "0.12.0-beta.1",
      "dependencies": {
        "@qroz/core": "^0.12.0-beta.1"
      },
      "engines": {
        "node": ">=22"
      }
    },
    "node_modules/@qroz/idempotency-cloudflare-do": {
      "resolved": "packages/idempotency-cloudflare-do",
      "link": true
    },
    "packages/idempotency-dynamodb": {
      "name": "@qroz/idempotency-dynamodb",
      "version": "0.12.0-beta.1",
      "dependencies": {
        "@qroz/core": "^0.12.0-beta.1"
      },
      "engines": {
        "node": ">=22"
      }
    },
    "node_modules/@qroz/idempotency-dynamodb": {
      "resolved": "packages/idempotency-dynamodb",
      "link": true
    },
    "packages/idempotency-memory": {
      "name": "@qroz/idempotency-memory",
      "version": "0.12.0-beta.1",
      "dependencies": {
        "@qroz/core": "^0.12.0-beta.1"
      },
      "engines": {
        "node": ">=22"
      }
    },
    "node_modules/@qroz/idempotency-memory": {
      "resolved": "packages/idempotency-memory",
      "link": true
    },
    "packages/jobs": {
      "name": "@qroz/jobs",
      "version": "0.12.0-beta.1",
      "dependencies": {
        "@qroz/core": "^0.12.0-beta.1",
        "@qroz/telemetry": "^0.12.0-beta.1"
      },
      "engines": {
        "node": ">=22"
      }
    },
    "node_modules/@qroz/jobs": {
      "resolved": "packages/jobs",
      "link": true
    },
    "packages/jobs-aws-sqs": {
      "name": "@qroz/jobs-aws-sqs",
      "version": "0.12.0-beta.1",
      "dependencies": {
        "@qroz/core": "^0.12.0-beta.1",
        "@qroz/jobs": "^0.12.0-beta.1"
      },
      "engines": {
        "node": ">=22"
      }
    },
    "node_modules/@qroz/jobs-aws-sqs": {
      "resolved": "packages/jobs-aws-sqs",
      "link": true
    },
    "packages/jobs-cloudflare": {
      "name": "@qroz/jobs-cloudflare",
      "version": "0.12.0-beta.1",
      "dependencies": {
        "@qroz/core": "^0.12.0-beta.1",
        "@qroz/jobs": "^0.12.0-beta.1",
        "@qroz/telemetry-cloudflare": "^0.12.0-beta.1"
      },
      "engines": {
        "node": ">=22"
      }
    },
    "node_modules/@qroz/jobs-cloudflare": {
      "resolved": "packages/jobs-cloudflare",
      "link": true
    },
    "packages/jobs-memory": {
      "name": "@qroz/jobs-memory",
      "version": "0.12.0-beta.1",
      "dependencies": {
        "@qroz/core": "^0.12.0-beta.1",
        "@qroz/jobs": "^0.12.0-beta.1",
        "@qroz/queue-memory": "^0.12.0-beta.1"
      },
      "engines": {
        "node": ">=22"
      }
    },
    "node_modules/@qroz/jobs-memory": {
      "resolved": "packages/jobs-memory",
      "link": true
    },
    "packages/queue": {
      "name": "@qroz/queue",
      "version": "0.12.0-beta.1",
      "dependencies": {
        "@qroz/core": "^0.12.0-beta.1"
      },
      "engines": {
        "node": ">=22"
      }
    },
    "node_modules/@qroz/queue": {
      "resolved": "packages/queue",
      "link": true
    },
    "packages/queue-cloudflare": {
      "name": "@qroz/queue-cloudflare",
      "version": "0.12.0-beta.1",
      "dependencies": {
        "@qroz/queue": "^0.12.0-beta.1"
      },
      "engines": {
        "node": ">=22"
      }
    },
    "node_modules/@qroz/queue-cloudflare": {
      "resolved": "packages/queue-cloudflare",
      "link": true
    },
    "packages/queue-memory": {
      "name": "@qroz/queue-memory",
      "version": "0.12.0-beta.1",
      "dependencies": {
        "@qroz/queue": "^0.12.0-beta.1"
      },
      "engines": {
        "node": ">=22"
      }
    },
    "node_modules/@qroz/queue-memory": {
      "resolved": "packages/queue-memory",
      "link": true
    },
    "packages/queue-sqs": {
      "name": "@qroz/queue-sqs",
      "version": "0.12.0-beta.1",
      "dependencies": {
        "@qroz/queue": "^0.12.0-beta.1"
      },
      "engines": {
        "node": ">=22"
      }
    },
    "node_modules/@qroz/queue-sqs": {
      "resolved": "packages/queue-sqs",
      "link": true
    },
    "packages/runtime-aws": {
      "name": "@qroz/runtime-aws",
      "version": "0.12.0-beta.1",
      "dependencies": {
        "@qroz/core": "^0.12.0-beta.1",
        "@qroz/runtime-web": "^0.12.0-beta.1"
      },
      "engines": {
        "node": ">=22"
      }
    },
    "node_modules/@qroz/runtime-aws": {
      "resolved": "packages/runtime-aws",
      "link": true
    },
    "packages/runtime-cloudflare": {
      "name": "@qroz/runtime-cloudflare",
      "version": "0.12.0-beta.1",
      "dependencies": {
        "@qroz/core": "^0.12.0-beta.1",
        "@qroz/runtime-web": "^0.12.0-beta.1",
        "@qroz/telemetry-cloudflare": "^0.12.0-beta.1"
      },
      "engines": {
        "node": ">=22"
      }
    },
    "node_modules/@qroz/runtime-cloudflare": {
      "resolved": "packages/runtime-cloudflare",
      "link": true
    },
    "packages/runtime-memory": {
      "name": "@qroz/runtime-memory",
      "version": "0.12.0-beta.1",
      "dependencies": {
        "@qroz/core": "^0.12.0-beta.1",
        "@qroz/runtime-web": "^0.12.0-beta.1"
      },
      "engines": {
        "node": ">=22"
      }
    },
    "node_modules/@qroz/runtime-memory": {
      "resolved": "packages/runtime-memory",
      "link": true
    },
    "packages/runtime-web": {
      "name": "@qroz/runtime-web",
      "version": "0.12.0-beta.1",
      "dependencies": {
        "@qroz/core": "^0.12.0-beta.1",
        "@qroz/telemetry": "^0.12.0-beta.1"
      },
      "engines": {
        "node": ">=22"
      }
    },
    "node_modules/@qroz/runtime-web": {
      "resolved": "packages/runtime-web",
      "link": true
    },
    "packages/storage": {
      "name": "@qroz/storage",
      "version": "0.12.0-beta.1",
      "dependencies": {
        "@qroz/core": "^0.12.0-beta.1"
      },
      "engines": {
        "node": ">=22"
      }
    },
    "node_modules/@qroz/storage": {
      "resolved": "packages/storage",
      "link": true
    },
    "packages/storage-memory": {
      "name": "@qroz/storage-memory",
      "version": "0.12.0-beta.1",
      "dependencies": {
        "@qroz/storage": "^0.12.0-beta.1"
      },
      "engines": {
        "node": ">=22"
      }
    },
    "node_modules/@qroz/storage-memory": {
      "resolved": "packages/storage-memory",
      "link": true
    },
    "packages/storage-r2": {
      "name": "@qroz/storage-r2",
      "version": "0.12.0-beta.1",
      "dependencies": {
        "@qroz/storage": "^0.12.0-beta.1"
      },
      "engines": {
        "node": ">=22"
      }
    },
    "node_modules/@qroz/storage-r2": {
      "resolved": "packages/storage-r2",
      "link": true
    },
    "packages/storage-s3": {
      "name": "@qroz/storage-s3",
      "version": "0.12.0-beta.1",
      "dependencies": {
        "@qroz/storage": "^0.12.0-beta.1"
      },
      "engines": {
        "node": ">=22"
      }
    },
    "node_modules/@qroz/storage-s3": {
      "resolved": "packages/storage-s3",
      "link": true
    },
    "packages/telemetry": {
      "name": "@qroz/telemetry",
      "version": "0.12.0-beta.1",
      "engines": {
        "node": ">=22"
      }
    },
    "node_modules/@qroz/telemetry": {
      "resolved": "packages/telemetry",
      "link": true
    },
    "packages/telemetry-cloudflare": {
      "name": "@qroz/telemetry-cloudflare",
      "version": "0.12.0-beta.1",
      "dependencies": {
        "@qroz/telemetry": "^0.12.0-beta.1"
      },
      "engines": {
        "node": ">=22"
      }
    },
    "node_modules/@qroz/telemetry-cloudflare": {
      "resolved": "packages/telemetry-cloudflare",
      "link": true
    },
    "packages/testing": {
      "name": "@qroz/testing",
      "version": "0.12.0-beta.1",
      "dependencies": {
        "@qroz/core": "^0.12.0-beta.1",
        "@qroz/runtime-memory": "^0.12.0-beta.1"
      },
      "engines": {
        "node": ">=22"
      }
    },
    "node_modules/@qroz/testing": {
      "resolved": "packages/testing",
      "link": true
    },
    "packages/workflows": {
      "name": "@qroz/workflows",
      "version": "0.12.0-beta.1",
      "dependencies": {
        "@qroz/core": "^0.12.0-beta.1"
      },
      "engines": {
        "node": ">=22"
      }
    },
    "node_modules/@qroz/workflows": {
      "resolved": "packages/workflows",
      "link": true
    },
    "packages/workflows-aws": {
      "name": "@qroz/workflows-aws",
      "version": "0.12.0-beta.1",
      "dependencies": {
        "@qroz/core": "^0.12.0-beta.1"
      },
      "engines": {
        "node": ">=22"
      }
    },
    "node_modules/@qroz/workflows-aws": {
      "resolved": "packages/workflows-aws",
      "link": true
    },
    "packages/workflows-cloudflare": {
      "name": "@qroz/workflows-cloudflare",
      "version": "0.12.0-beta.1",
      "dependencies": {
        "@qroz/core": "^0.12.0-beta.1"
      },
      "engines": {
        "node": ">=22"
      }
    },
    "node_modules/@qroz/workflows-cloudflare": {
      "resolved": "packages/workflows-cloudflare",
      "link": true
    },
    "node_modules/@qroz/example-hello-world": {
      "resolved": "examples/hello-world",
      "link": true
    }
  }
}
