{
  "name": "arc-framework-poc",
  "version": "0.7.0",
  "lockfileVersion": 3,
  "requires": true,
  "packages": {
    "": {
      "name": "arc-framework-poc",
      "version": "0.7.0",
      "workspaces": [
        "packages/*",
        "examples/*"
      ]
    },
    "examples/hello-world": {
      "name": "@arc/example-hello-world",
      "version": "0.5.0",
      "dependencies": {
        "@arc/core": "file:../../packages/core",
        "@arc/idempotency": "file:../../packages/idempotency",
        "@arc/idempotency-cloudflare-do": "file:../../packages/idempotency-cloudflare-do",
        "@arc/idempotency-memory": "file:../../packages/idempotency-memory",
        "@arc/jobs": "file:../../packages/jobs",
        "@arc/jobs-cloudflare": "file:../../packages/jobs-cloudflare",
        "@arc/jobs-memory": "file:../../packages/jobs-memory",
        "@arc/queue": "file:../../packages/queue",
        "@arc/queue-cloudflare": "file:../../packages/queue-cloudflare",
        "@arc/queue-memory": "file:../../packages/queue-memory",
        "@arc/runtime-cloudflare": "file:../../packages/runtime-cloudflare",
        "@arc/storage": "file:../../packages/storage",
        "@arc/storage-memory": "file:../../packages/storage-memory",
        "@arc/storage-r2": "file:../../packages/storage-r2",
        "@arc/testing": "file:../../packages/testing"
      }
    },
    "node_modules/@arc/cli": {
      "resolved": "packages/cli",
      "link": true
    },
    "node_modules/@arc/core": {
      "resolved": "packages/core",
      "link": true
    },
    "node_modules/@arc/database": {
      "resolved": "packages/database",
      "link": true
    },
    "node_modules/@arc/example-hello-world": {
      "resolved": "examples/hello-world",
      "link": true
    },
    "node_modules/@arc/idempotency": {
      "resolved": "packages/idempotency",
      "link": true
    },
    "node_modules/@arc/idempotency-cloudflare-do": {
      "resolved": "packages/idempotency-cloudflare-do",
      "link": true
    },
    "node_modules/@arc/idempotency-memory": {
      "resolved": "packages/idempotency-memory",
      "link": true
    },
    "node_modules/@arc/jobs": {
      "resolved": "packages/jobs",
      "link": true
    },
    "node_modules/@arc/jobs-cloudflare": {
      "resolved": "packages/jobs-cloudflare",
      "link": true
    },
    "node_modules/@arc/jobs-memory": {
      "resolved": "packages/jobs-memory",
      "link": true
    },
    "node_modules/@arc/queue": {
      "resolved": "packages/queue",
      "link": true
    },
    "node_modules/@arc/queue-cloudflare": {
      "resolved": "packages/queue-cloudflare",
      "link": true
    },
    "node_modules/@arc/queue-memory": {
      "resolved": "packages/queue-memory",
      "link": true
    },
    "node_modules/@arc/runtime-cloudflare": {
      "resolved": "packages/runtime-cloudflare",
      "link": true
    },
    "node_modules/@arc/runtime-memory": {
      "resolved": "packages/runtime-memory",
      "link": true
    },
    "node_modules/@arc/runtime-web": {
      "resolved": "packages/runtime-web",
      "link": true
    },
    "node_modules/@arc/storage": {
      "resolved": "packages/storage",
      "link": true
    },
    "node_modules/@arc/storage-memory": {
      "resolved": "packages/storage-memory",
      "link": true
    },
    "node_modules/@arc/storage-r2": {
      "resolved": "packages/storage-r2",
      "link": true
    },
    "node_modules/@arc/telemetry": {
      "resolved": "packages/telemetry",
      "link": true
    },
    "node_modules/@arc/telemetry-cloudflare": {
      "resolved": "packages/telemetry-cloudflare",
      "link": true
    },
    "node_modules/@arc/testing": {
      "resolved": "packages/testing",
      "link": true
    },
    "packages/cli": {
      "name": "@arc/cli",
      "version": "0.4.0",
      "dependencies": {
        "@arc/core": "file:../core"
      },
      "bin": {
        "arc": "bin/arc.mjs"
      }
    },
    "packages/core": {
      "name": "@arc/core",
      "version": "0.4.0"
    },
    "packages/database": {
      "name": "@arc/database",
      "version": "0.7.0",
      "dependencies": {
        "@arc/core": "file:../core"
      }
    },
    "packages/idempotency": {
      "name": "@arc/idempotency",
      "version": "0.5.0",
      "dependencies": {
        "@arc/core": "file:../core"
      }
    },
    "packages/idempotency-cloudflare-do": {
      "name": "@arc/idempotency-cloudflare-do",
      "version": "0.7.0",
      "dependencies": {
        "@arc/core": "file:../core"
      }
    },
    "packages/idempotency-memory": {
      "name": "@arc/idempotency-memory",
      "version": "0.5.0",
      "dependencies": {
        "@arc/core": "file:../core"
      }
    },
    "packages/jobs": {
      "name": "@arc/jobs",
      "version": "0.4.0",
      "dependencies": {
        "@arc/core": "file:../core",
        "@arc/telemetry": "file:../telemetry"
      }
    },
    "packages/jobs-cloudflare": {
      "name": "@arc/jobs-cloudflare",
      "version": "0.4.0",
      "dependencies": {
        "@arc/core": "file:../core",
        "@arc/jobs": "file:../jobs",
        "@arc/telemetry-cloudflare": "file:../telemetry-cloudflare"
      }
    },
    "packages/jobs-memory": {
      "name": "@arc/jobs-memory",
      "version": "0.4.0",
      "dependencies": {
        "@arc/core": "file:../core",
        "@arc/jobs": "file:../jobs",
        "@arc/queue-memory": "file:../queue-memory"
      }
    },
    "packages/queue": {
      "name": "@arc/queue",
      "version": "0.4.0",
      "dependencies": {
        "@arc/core": "file:../core"
      }
    },
    "packages/queue-cloudflare": {
      "name": "@arc/queue-cloudflare",
      "version": "0.4.0",
      "dependencies": {
        "@arc/queue": "file:../queue"
      }
    },
    "packages/queue-memory": {
      "name": "@arc/queue-memory",
      "version": "0.4.0",
      "dependencies": {
        "@arc/queue": "file:../queue"
      }
    },
    "packages/runtime-cloudflare": {
      "name": "@arc/runtime-cloudflare",
      "version": "0.4.0",
      "dependencies": {
        "@arc/core": "file:../core",
        "@arc/runtime-web": "file:../runtime-web",
        "@arc/telemetry-cloudflare": "file:../telemetry-cloudflare"
      }
    },
    "packages/runtime-memory": {
      "name": "@arc/runtime-memory",
      "version": "0.4.0",
      "dependencies": {
        "@arc/core": "file:../core",
        "@arc/runtime-web": "file:../runtime-web"
      }
    },
    "packages/runtime-web": {
      "name": "@arc/runtime-web",
      "version": "0.4.0",
      "dependencies": {
        "@arc/core": "file:../core",
        "@arc/telemetry": "file:../telemetry"
      }
    },
    "packages/storage": {
      "name": "@arc/storage",
      "version": "0.4.0",
      "dependencies": {
        "@arc/core": "file:../core"
      }
    },
    "packages/storage-memory": {
      "name": "@arc/storage-memory",
      "version": "0.4.0",
      "dependencies": {
        "@arc/storage": "file:../storage"
      }
    },
    "packages/storage-r2": {
      "name": "@arc/storage-r2",
      "version": "0.4.0",
      "dependencies": {
        "@arc/storage": "file:../storage"
      }
    },
    "packages/telemetry": {
      "name": "@arc/telemetry",
      "version": "0.4.0"
    },
    "packages/telemetry-cloudflare": {
      "name": "@arc/telemetry-cloudflare",
      "version": "0.4.0",
      "dependencies": {
        "@arc/telemetry": "file:../telemetry"
      }
    },
    "packages/testing": {
      "name": "@arc/testing",
      "version": "0.4.0",
      "dependencies": {
        "@arc/core": "file:../core",
        "@arc/runtime-memory": "file:../runtime-memory"
      }
    }
  }
}
