{
  "name": "qroz-framework-poc",
  "version": "0.7.0",
  "lockfileVersion": 3,
  "requires": true,
  "packages": {
    "": {
      "name": "qroz-framework-poc",
      "version": "0.7.0",
      "workspaces": [
        "packages/*",
        "examples/*"
      ]
    },
    "examples/hello-world": {
      "name": "@qroz/example-hello-world",
      "version": "0.5.0",
      "dependencies": {
        "@qroz/core": "file:../../packages/core",
        "@qroz/idempotency": "file:../../packages/idempotency",
        "@qroz/idempotency-cloudflare-do": "file:../../packages/idempotency-cloudflare-do",
        "@qroz/idempotency-memory": "file:../../packages/idempotency-memory",
        "@qroz/jobs": "file:../../packages/jobs",
        "@qroz/jobs-cloudflare": "file:../../packages/jobs-cloudflare",
        "@qroz/jobs-memory": "file:../../packages/jobs-memory",
        "@qroz/queue": "file:../../packages/queue",
        "@qroz/queue-cloudflare": "file:../../packages/queue-cloudflare",
        "@qroz/queue-memory": "file:../../packages/queue-memory",
        "@qroz/runtime-cloudflare": "file:../../packages/runtime-cloudflare",
        "@qroz/storage": "file:../../packages/storage",
        "@qroz/storage-memory": "file:../../packages/storage-memory",
        "@qroz/storage-r2": "file:../../packages/storage-r2",
        "@qroz/testing": "file:../../packages/testing"
      }
    },
    "node_modules/@qroz/cli": {
      "resolved": "packages/cli",
      "link": true
    },
    "node_modules/@qroz/core": {
      "resolved": "packages/core",
      "link": true
    },
    "node_modules/@qroz/database": {
      "resolved": "packages/database",
      "link": true
    },
    "node_modules/@qroz/example-hello-world": {
      "resolved": "examples/hello-world",
      "link": true
    },
    "node_modules/@qroz/idempotency": {
      "resolved": "packages/idempotency",
      "link": true
    },
    "node_modules/@qroz/idempotency-cloudflare-do": {
      "resolved": "packages/idempotency-cloudflare-do",
      "link": true
    },
    "node_modules/@qroz/idempotency-memory": {
      "resolved": "packages/idempotency-memory",
      "link": true
    },
    "node_modules/@qroz/jobs": {
      "resolved": "packages/jobs",
      "link": true
    },
    "node_modules/@qroz/jobs-cloudflare": {
      "resolved": "packages/jobs-cloudflare",
      "link": true
    },
    "node_modules/@qroz/jobs-memory": {
      "resolved": "packages/jobs-memory",
      "link": true
    },
    "node_modules/@qroz/queue": {
      "resolved": "packages/queue",
      "link": true
    },
    "node_modules/@qroz/queue-cloudflare": {
      "resolved": "packages/queue-cloudflare",
      "link": true
    },
    "node_modules/@qroz/queue-memory": {
      "resolved": "packages/queue-memory",
      "link": true
    },
    "node_modules/@qroz/runtime-cloudflare": {
      "resolved": "packages/runtime-cloudflare",
      "link": true
    },
    "node_modules/@qroz/runtime-memory": {
      "resolved": "packages/runtime-memory",
      "link": true
    },
    "node_modules/@qroz/runtime-web": {
      "resolved": "packages/runtime-web",
      "link": true
    },
    "node_modules/@qroz/storage": {
      "resolved": "packages/storage",
      "link": true
    },
    "node_modules/@qroz/storage-memory": {
      "resolved": "packages/storage-memory",
      "link": true
    },
    "node_modules/@qroz/storage-r2": {
      "resolved": "packages/storage-r2",
      "link": true
    },
    "node_modules/@qroz/telemetry": {
      "resolved": "packages/telemetry",
      "link": true
    },
    "node_modules/@qroz/telemetry-cloudflare": {
      "resolved": "packages/telemetry-cloudflare",
      "link": true
    },
    "node_modules/@qroz/testing": {
      "resolved": "packages/testing",
      "link": true
    },
    "packages/cli": {
      "name": "@qroz/cli",
      "version": "0.4.0",
      "dependencies": {
        "@qroz/core": "file:../core"
      },
      "bin": {
        "qroz": "bin/qroz.mjs"
      }
    },
    "packages/core": {
      "name": "@qroz/core",
      "version": "0.4.0"
    },
    "packages/database": {
      "name": "@qroz/database",
      "version": "0.7.0",
      "dependencies": {
        "@qroz/core": "file:../core"
      }
    },
    "packages/idempotency": {
      "name": "@qroz/idempotency",
      "version": "0.5.0",
      "dependencies": {
        "@qroz/core": "file:../core"
      }
    },
    "packages/idempotency-cloudflare-do": {
      "name": "@qroz/idempotency-cloudflare-do",
      "version": "0.7.0",
      "dependencies": {
        "@qroz/core": "file:../core"
      }
    },
    "packages/idempotency-memory": {
      "name": "@qroz/idempotency-memory",
      "version": "0.5.0",
      "dependencies": {
        "@qroz/core": "file:../core"
      }
    },
    "packages/jobs": {
      "name": "@qroz/jobs",
      "version": "0.4.0",
      "dependencies": {
        "@qroz/core": "file:../core",
        "@qroz/telemetry": "file:../telemetry"
      }
    },
    "packages/jobs-cloudflare": {
      "name": "@qroz/jobs-cloudflare",
      "version": "0.4.0",
      "dependencies": {
        "@qroz/core": "file:../core",
        "@qroz/jobs": "file:../jobs",
        "@qroz/telemetry-cloudflare": "file:../telemetry-cloudflare"
      }
    },
    "packages/jobs-memory": {
      "name": "@qroz/jobs-memory",
      "version": "0.4.0",
      "dependencies": {
        "@qroz/core": "file:../core",
        "@qroz/jobs": "file:../jobs",
        "@qroz/queue-memory": "file:../queue-memory"
      }
    },
    "packages/queue": {
      "name": "@qroz/queue",
      "version": "0.4.0",
      "dependencies": {
        "@qroz/core": "file:../core"
      }
    },
    "packages/queue-cloudflare": {
      "name": "@qroz/queue-cloudflare",
      "version": "0.4.0",
      "dependencies": {
        "@qroz/queue": "file:../queue"
      }
    },
    "packages/queue-memory": {
      "name": "@qroz/queue-memory",
      "version": "0.4.0",
      "dependencies": {
        "@qroz/queue": "file:../queue"
      }
    },
    "packages/runtime-cloudflare": {
      "name": "@qroz/runtime-cloudflare",
      "version": "0.4.0",
      "dependencies": {
        "@qroz/core": "file:../core",
        "@qroz/runtime-web": "file:../runtime-web",
        "@qroz/telemetry-cloudflare": "file:../telemetry-cloudflare"
      }
    },
    "packages/runtime-memory": {
      "name": "@qroz/runtime-memory",
      "version": "0.4.0",
      "dependencies": {
        "@qroz/core": "file:../core",
        "@qroz/runtime-web": "file:../runtime-web"
      }
    },
    "packages/runtime-web": {
      "name": "@qroz/runtime-web",
      "version": "0.4.0",
      "dependencies": {
        "@qroz/core": "file:../core",
        "@qroz/telemetry": "file:../telemetry"
      }
    },
    "packages/storage": {
      "name": "@qroz/storage",
      "version": "0.4.0",
      "dependencies": {
        "@qroz/core": "file:../core"
      }
    },
    "packages/storage-memory": {
      "name": "@qroz/storage-memory",
      "version": "0.4.0",
      "dependencies": {
        "@qroz/storage": "file:../storage"
      }
    },
    "packages/storage-r2": {
      "name": "@qroz/storage-r2",
      "version": "0.4.0",
      "dependencies": {
        "@qroz/storage": "file:../storage"
      }
    },
    "packages/telemetry": {
      "name": "@qroz/telemetry",
      "version": "0.4.0"
    },
    "packages/telemetry-cloudflare": {
      "name": "@qroz/telemetry-cloudflare",
      "version": "0.4.0",
      "dependencies": {
        "@qroz/telemetry": "file:../telemetry"
      }
    },
    "packages/testing": {
      "name": "@qroz/testing",
      "version": "0.4.0",
      "dependencies": {
        "@qroz/core": "file:../core",
        "@qroz/runtime-memory": "file:../runtime-memory"
      }
    }
  }
}
